// !$*UTF8*$!
{
	archiveVersion = 1;
	classes = {
	};
	objectVersion = 46;
	objects = {

/* Begin PBXBuildFile section */
		4D2960F21F155FFC00CBB693 /* AncestorMainViewController.swift in Sources */ = {isa = PBXBuildFile; fileRef = 4D2960F11F155FFC00CBB693 /* AncestorMainViewController.swift */; };
		4DC872E41F155E5D00D7DC31 /* AppDelegate.swift in Sources */ = {isa = PBXBuildFile; fileRef = 4DC872E31F155E5D00D7DC31 /* AppDelegate.swift */; };
		4DC872E61F155E5D00D7DC31 /* MainViewController.swift in Sources */ = {isa = PBXBuildFile; fileRef = 4DC872E51F155E5D00D7DC31 /* MainViewController.swift */; };
		4DC872E91F155E5D00D7DC31 /* Main.storyboard in Resources */ = {isa = PBXBuildFile; fileRef = 4DC872E71F155E5D00D7DC31 /* Main.storyboard */; };
		4DC872EB1F155E5D00D7DC31 /* Assets.xcassets in Resources */ = {isa = PBXBuildFile; fileRef = 4DC872EA1F155E5D00D7DC31 /* Assets.xcassets */; };
/* End PBXBuildFile section */

/* Begin PBXFileReference section */
		4D2960F11F155FFC00CBB693 /* AncestorMainViewController.swift */ = {isa = PBXFileReference; fileEncoding = 4; lastKnownFileType = sourcecode.swift; path = AncestorMainViewController.swift; sourceTree = "<group>"; };
		4DC872E01F155E5D00D7DC31 /* tvDemo.app */ = {isa = PBXFileReference; explicitFileType = wrapper.application; includeInIndex = 0; path = tvDemo.app; sourceTree = BUILT_PRODUCTS_DIR; };
		4DC872E31F155E5D00D7DC31 /* AppDelegate.swift */ = {isa = PBXFileReference; lastKnownFileType = sourcecode.swift; path = AppDelegate.swift; sourceTree = "<group>"; };
		4DC872E51F155E5D00D7DC31 /* MainViewController.swift */ = {isa = PBXFileReference; lastKnownFileType = sourcecode.swift; path = MainViewController.swift; sourceTree = "<group>"; };
		4DC872E81F155E5D00D7DC31 /* Base */ = {isa = PBXFileReference; lastKnownFileType = file.storyboard; name = Base; path = Base.lproj/Main.storyboard; sourceTree = "<group>"; };
		4DC872EA1F155E5D00D7DC31 /* Assets.xcassets */ = {isa = PBXFileReference; lastKnownFileType = folder.assetcatalog; path = Assets.xcassets; sourceTree = "<group>"; };
		4DC872EC1F155E5D00D7DC31 /* Info.plist */ = {isa = PBXFileReference; lastKnownFileType = text.plist.xml; path = Info.plist; sourceTree = "<group>"; };
/* End PBXFileReference section */

/* Begin PBXFrameworksBuildPhase section */
		4DC872DD1F155E5D00D7DC31 /* Frameworks */ = {
			isa = PBXFrameworksBuildPhase;
			buildActionMask = 2147483647;
			files = (
			);
			runOnlyForDeploymentPostprocessing = 0;
		};
/* End PBXFrameworksBuildPhase section */

/* Begin PBXGroup section */
		4D2960F01F155FD000CBB693 /* Ancestors */ = {
			isa = PBXGroup;
			children = (
				4D2960F11F155FFC00CBB693 /* AncestorMainViewController.swift */,
			);
			name = Ancestors;
			sourceTree = "<group>";
		};
		4D2960F31F15607A00CBB693 /* Controllers */ = {
			isa = PBXGroup;
			children = (
				4DC872E51F155E5D00D7DC31 /* MainViewController.swift */,
			);
			name = Controllers;
			sourceTree = "<group>";
		};
		4D3BA2EB1F161495007E0C64 /* Classes */ = {
			isa = PBXGroup;
			children = (
			);
			name = Classes;
			sourceTree = "<group>";
		};
		4DC872D71F155E5D00D7DC31 = {
			isa = PBXGroup;
			children = (
				4DC872E21F155E5D00D7DC31 /* tvDemo */,
				4DC872E11F155E5D00D7DC31 /* Products */,
			);
			sourceTree = "<group>";
		};
		4DC872E11F155E5D00D7DC31 /* Products */ = {
			isa = PBXGroup;
			children = (
				4DC872E01F155E5D00D7DC31 /* tvDemo.app */,
			);
			name = Products;
			sourceTree = "<group>";
		};
		4DC872E21F155E5D00D7DC31 /* tvDemo */ = {
			isa = PBXGroup;
			children = (
				4D3BA2EB1F161495007E0C64 /* Classes */,
				4D2960F01F155FD000CBB693 /* Ancestors */,
				4D2960F31F15607A00CBB693 /* Controllers */,
				4DC872E31F155E5D00D7DC31 /* AppDelegate.swift */,
				4DC872E71F155E5D00D7DC31 /* Main.storyboard */,
				4DC872EA1F155E5D00D7DC31 /* Assets.xcassets */,
				4DC872EC1F155E5D00D7DC31 /* Info.plist */,
			);
			path = tvDemo;
			sourceTree = "<group>";
		};
/* End PBXGroup section */

/* Begin PBXNativeTarget section */
		4DC872DF1F155E5D00D7DC31 /* tvDemo */ = {
			isa = PBXNativeTarget;
			buildConfigurationList = 4DC872EF1F155E5D00D7DC31 /* Build configuration list for PBXNativeTarget "tvDemo" */;
			buildPhases = (
				4DC872DC1F155E5D00D7DC31 /* Sources */,
				4DC872DD1F155E5D00D7DC31 /* Frameworks */,
				4DC872DE1F155E5D00D7DC31 /* Resources */,
			);
			buildRules = (
			);
			dependencies = (
			);
			name = tvDemo;
			productName = tvDemo;
			productReference = 4DC872E01F155E5D00D7DC31 /* tvDemo.app */;
			productType = "com.apple.product-type.application";
		};
/* End PBXNativeTarget section */

/* Begin PBXProject section */
		4DC872D81F155E5D00D7DC31 /* Project object */ = {
			isa = PBXProject;
			attributes = {
				LastSwiftUpdateCheck = 0830;
				LastUpgradeCheck = 0830;
				ORGANIZATIONNAME = Laurent68k;
				TargetAttributes = {
					4DC872DF1F155E5D00D7DC31 = {
						CreatedOnToolsVersion = 8.3.3;
						DevelopmentTeam = 2T32WF6U53;
						ProvisioningStyle = Automatic;
					};
				};
			};
			buildConfigurationList = 4DC872DB1F155E5D00D7DC31 /* Build configuration list for PBXProject "tvDemo" */;
			compatibilityVersion = "Xcode 3.2";
			developmentRegion = English;
			hasScannedForEncodings = 0;
			knownRegions = (
				en,
				Base,
			);
			mainGroup = 4DC872D71F155E5D00D7DC31;
			productRefGroup = 4DC872E11F155E5D00D7DC31 /* Products */;
			projectDirPath = "";
			projectRoot = "";
			targets = (
				4DC872DF1F155E5D00D7DC31 /* tvDemo */,
			);
		};
/* End PBXProject section */

/* Begin PBXResourcesBuildPhase section */
		4DC872DE1F155E5D00D7DC31 /* Resources */ = {
			isa = PBXResourcesBuildPhase;
			buildActionMask = 2147483647;
			files = (
				4DC872EB1F155E5D00D7DC31 /* Assets.xcassets in Resources */,
				4DC872E91F155E5D00D7DC31 /* Main.storyboard in Resources */,
			);
			runOnlyForDeploymentPostprocessing = 0;
		};
/* End PBXResourcesBuildPhase section */

/* Begin PBXSourcesBuildPhase section */
		4DC872DC1F155E5D00D7DC31 /* Sources */ = {
			isa = PBXSourcesBuildPhase;
			buildActionMask = 2147483647;
			files = (
				4D2960F21F155FFC00CBB693 /* AncestorMainViewController.swift in Sources */,
				4DC872E61F155E5D00D7DC31 /* MainViewController.swift in Sources */,
				4DC872E41F155E5D00D7DC31 /* AppDelegate.swift in Sources */,
			);
			runOnlyForDeploymentPostprocessing = 0;
		};
/* End PBXSourcesBuildPhase section */

/* Begin PBXVariantGroup section */
		4DC872E71F155E5D00D7DC31 /* Main.storyboard */ = {
			isa = PBXVariantGroup;
			children = (
				4DC872E81F155E5D00D7DC31 /* Base */,
			);
			name = Main.storyboard;
			sourceTree = "<group>";
		};
/* End PBXVariantGroup section */

/* Begin XCBuildConfiguration section */
		4DC872ED1F155E5D00D7DC31 /* Debug */ = {
			isa = XCBuildConfiguration;
			buildSettings = {
				ALWAYS_SEARCH_USER_PATHS = NO;
				CLANG_ANALYZER_NONNULL = YES;
				CLANG_ANALYZER_NUMBER_OBJECT_CONVERSION = YES_AGGRESSIVE;
				CLANG_CXX_LANGUAGE_STANDARD = "gnu++0x";
				CLANG_CXX_LIBRARY = "libc++";
				CLANG_ENABLE_MODULES = YES;
				CLANG_ENABLE_OBJC_ARC = YES;
				CLANG_WARN_BOOL_CONVERSION = YES;
				CLANG_WARN_CONSTANT_CONVERSION = YES;
				CLANG_WARN_DIRECT_OBJC_ISA_USAGE = YES_ERROR;
				CLANG_WARN_DOCUMENTATION_COMMENTS = YES;
				CLANG_WARN_EMPTY_BODY = YES;
				CLANG_WARN_ENUM_CONVERSION = YES;
				CLANG_WARN_INFINITE_RECURSION = YES;
				CLANG_WARN_INT_CONVERSION = YES;
				CLANG_WARN_OBJC_ROOT_CLASS = YES_ERROR;
				CLANG_WARN_SUSPICIOUS_MOVE = YES;
				CLANG_WARN_UNREACHABLE_CODE = YES;
				CLANG_WARN__DUPLICATE_METHOD_MATCH = YES;
				COPY_PHASE_STRIP = NO;
				DEBUG_INFORMATION_FORMAT = dwarf;
				ENABLE_STRICT_OBJC_MSGSEND = YES;
				ENABLE_TESTABILITY = YES;
				GCC_C_LANGUAGE_STANDARD = gnu99;
				GCC_DYNAMIC_NO_PIC = NO;
				GCC_NO_COMMON_BLOCKS = YES;
				GCC_OPTIMIZATION_LEVEL = 0;
				GCC_PREPROCESSOR_DEFINITIONS = (
					"DEBUG=1",
					"$(inherited)",
				);
				GCC_WARN_64_TO_32_BIT_CONVERSION = YES;
				GCC_WARN_ABOUT_RETURN_TYPE = YES_ERROR;
				GCC_WARN_UNDECLARED_SELECTOR = YES;
				GCC_WARN_UNINITIALIZED_AUTOS = YES_AGGRESSIVE;
				GCC_WARN_UNUSED_FUNCTION = YES;
				GCC_WARN_UNUSED_VARIABLE = YES;
				MTL_ENABLE_DEBUG_INFO = YES;
				ONLY_ACTIVE_ARCH = YES;
				SDKROOT = appletvos;
				SWIFT_ACTIVE_COMPILATION_CONDITIONS = DEBUG;
				SWIFT_OPTIMIZATION_LEVEL = "-Onone";
				TARGETED_DEVICE_FAMILY = 3;
				TVOS_DEPLOYMENT_TARGET = 10.2;
			};
			name = Debug;
		};
		4DC872EE1F155E5D00D7DC31 /* Release */ = {
			isa = XCBuildConfiguration;
			buildSettings = {
				ALWAYS_SEARCH_USER_PATHS = NO;
				CLANG_ANALYZER_NONNULL = YES;
				CLANG_ANALYZER_NUMBER_OBJECT_CONVERSION = YES_AGGRESSIVE;
				CLANG_CXX_LANGUAGE_STANDARD = "gnu++0x";
				CLANG_CXX_LIBRARY = "libc++";
				CLANG_ENABLE_MODULES = YES;
				CLANG_ENABLE_OBJC_ARC = YES;
				CLANG_WARN_BOOL_CONVERSION = YES;
				CLANG_WARN_CONSTANT_CONVERSION = YES;
				CLANG_WARN_DIRECT_OBJC_ISA_USAGE = YES_ERROR;
				CLANG_WARN_DOCUMENTATION_COMMENTS = YES;
				CLANG_WARN_EMPTY_BODY = YES;
				CLANG_WARN_ENUM_CONVERSION = YES;
				CLANG_WARN_INFINITE_RECURSION = YES;
				CLANG_WARN_INT_CONVERSION = YES;
				CLANG_WARN_OBJC_ROOT_CLASS = YES_ERROR;
				CLANG_WARN_SUSPICIOUS_MOVE = YES;
				CLANG_WARN_UNREACHABLE_CODE = YES;
				CLANG_WARN__DUPLICATE_METHOD_MATCH = YES;
				COPY_PHASE_STRIP = NO;
				DEBUG_INFORMATION_FORMAT = "dwarf-with-dsym";
				ENABLE_NS_ASSERTIONS = NO;
				ENABLE_STRICT_OBJC_MSGSEND = YES;
				GCC_C_LANGUAGE_STANDARD = gnu99;
				GCC_NO_COMMON_BLOCKS = YES;
				GCC_WARN_64_TO_32_BIT_CONVERSION = YES;
				GCC_WARN_ABOUT_RETURN_TYPE = YES_ERROR;
				GCC_WARN_UNDECLARED_SELECTOR = YES;
				GCC_WARN_UNINITIALIZED_AUTOS = YES_AGGRESSIVE;
				GCC_WARN_UNUSED_FUNCTION = YES;
				GCC_WARN_UNUSED_VARIABLE = YES;
				MTL_ENABLE_DEBUG_INFO = NO;
				SDKROOT = appletvos;
				SWIFT_OPTIMIZATION_LEVEL = "-Owholemodule";
				TARGETED_DEVICE_FAMILY = 3;
				TVOS_DEPLOYMENT_TARGET = 10.2;
				VALIDATE_PRODUCT = YES;
			};
			name = Release;
		};
		4DC872F01F155E5D00D7DC31 /* Debug */ = {
			isa = XCBuildConfiguration;
			buildSettings = {
				ASSETCATALOG_COMPILER_APPICON_NAME = "App Icon & Top Shelf Image";
				ASSETCATALOG_COMPILER_LAUNCHIMAGE_NAME = LaunchImage;
				DEVELOPMENT_TEAM = 2T32WF6U53;
				INFOPLIST_FILE = tvDemo/Info.plist;
				LD_RUNPATH_SEARCH_PATHS = "$(inherited) @executable_path/Frameworks";
				PRODUCT_BUNDLE_IDENTIFIER = com.laurent68k.tvos.tvDemo;
				PRODUCT_NAME = "$(TARGET_NAME)";
				SWIFT_VERSION = 3.0;
				TVOS_DEPLOYMENT_TARGET = 9.0;
			};
			name = Debug;
		};
		4DC872F11F155E5D00D7DC31 /* Release */ = {
			isa = XCBuildConfiguration;
			buildSettings = {
				ASSETCATALOG_COMPILER_APPICON_NAME = "App Icon & Top Shelf Image";
				ASSETCATALOG_COMPILER_LAUNCHIMAGE_NAME = LaunchImage;
				DEVELOPMENT_TEAM = 2T32WF6U53;
				INFOPLIST_FILE = tvDemo/Info.plist;
				LD_RUNPATH_SEARCH_PATHS = "$(inherited) @executable_path/Frameworks";
				PRODUCT_BUNDLE_IDENTIFIER = com.laurent68k.tvos.tvDemo;
				PRODUCT_NAME = "$(TARGET_NAME)";
				SWIFT_VERSION = 3.0;
				TVOS_DEPLOYMENT_TARGET = 9.0;
			};
			name = Release;
		};
/* End XCBuildConfiguration section */

/* Begin XCConfigurationList section */
		4DC872DB1F155E5D00D7DC31 /* Build configuration list for PBXProject "tvDemo" */ = {
			isa = XCConfigurationList;
			buildConfigurations = (
				4DC872ED1F155E5D00D7DC31 /* Debug */,
				4DC872EE1F155E5D00D7DC31 /* Release */,
			);
			defaultConfigurationIsVisible = 0;
			defaultConfigurationName = Release;
		};
		4DC872EF1F155E5D00D7DC31 /* Build configuration list for PBXNativeTarget "tvDemo" */ = {
			isa = XCConfigurationList;
			buildConfigurations = (
				4DC872F01F155E5D00D7DC31 /* Debug */,
				4DC872F11F155E5D00D7DC31 /* Release */,
			);
			defaultConfigurationIsVisible = 0;
			defaultConfigurationName = Release;
		};
/* End XCConfigurationList section */
	};
	rootObject = 4DC872D81F155E5D00D7DC31 /* Project object */;
}
